# This file is automatically @generated by Wally.
# It is not intended for manual editing.
registry = "test"

[[package]]
name = "elttob/fusion"
version = "0.2.0"
dependencies = []

[[package]]
name = "ffrostflame/bytenet"
version = "0.4.0"
dependencies = []

[[package]]
name = "private/private"
version = "0.1.0"
dependencies = [["ByteNet", "ffrostflame/bytenet@0.4.0"], ["Fusion", "elttob/fusion@0.2.0"]]
